
Microsoft Visual Studio Solution File, Format Version 12.00
# Visual Studio Version 16
VisualStudioVersion = 16.0.31727.386
MinimumVisualStudioVersion = 10.0.40219.1
Project("{FAE04EC0-301F-11D3-BF4B-00C04F79EFBC}") = "BasicProgramming58", "BasicProgramming58\BasicProgramming58.csproj", "{A3056734-F5E4-4E05-A97C-1B81A38F33A2}"
EndProject
Global
	GlobalSection(SolutionConfigurationPlatforms) = preSolution
		Debug|Any CPU = Debug|Any CPU
		Release|Any CPU = Release|Any CPU
	EndGlobalSection
	GlobalSection(ProjectConfigurationPlatforms) = postSolution
		{A3056734-F5E4-4E05-A97C-1B81A38F33A2}.Debug|Any CPU.ActiveCfg = Debug|Any CPU
		{A3056734-F5E4-4E05-A97C-1B81A38F33A2}.Debug|Any CPU.Build.0 = Debug|Any CPU
		{A3056734-F5E4-4E05-A97C-1B81A38F33A2}.Release|Any CPU.ActiveCfg = Release|Any CPU
		{A3056734-F5E4-4E05-A97C-1B81A38F33A2}.Release|Any CPU.Build.0 = Release|Any CPU
	EndGlobalSection
	GlobalSection(SolutionProperties) = preSolution
		HideSolutionNode = FALSE
	EndGlobalSection
	GlobalSection(ExtensibilityGlobals) = postSolution
		SolutionGuid = {C0796E06-B9E6-48B4-A546-86750A439126}
	EndGlobalSection
EndGlobal
